# THIS IS AN AUTOGENERATED FILE. DO NOT EDIT THIS FILE DIRECTLY.
# yarn lockfile v1


"@pkgr/core@^0.2.7":
  version "0.2.9"
  resolved "https://registry.yarnpkg.com/@pkgr/core/-/core-0.2.9.tgz#d229a7b7f9dac167a156992ef23c7f023653f53b"
  integrity sha512-QNqXyfVS2wm9hweSYD2O7F0G06uurj9kZ96TRQE5Y9hU7+tgdZwIkbAKc5Ocy1HxEY2kuDQa6cQ1WRs/O5LFKA==

"@types/jquery@3.5.34":
  version "3.5.34"
  resolved "https://registry.yarnpkg.com/@types/jquery/-/jquery-3.5.34.tgz#c1993eaac0db03cf9db974976dd8f07bbf7c5708"
  integrity sha512-3m3939S3erqmTLJANS/uy0B6V7BorKx7RorcGZVjZ62dF5PAGbKEDZK1CuLtKombJkFA2T1jl8LAIIs7IV6gBQ==
  dependencies:
    "@types/sizzle" "*"

"@types/sizzle@*":
  version "2.3.10"
  resolved "https://registry.yarnpkg.com/@types/sizzle/-/sizzle-2.3.10.tgz#277a542aff6776d8a9b15f2ac682a663e3e94bbd"
  integrity sha512-TC0dmN0K8YcWEAEfiPi5gJP14eJe30TTGjkvek3iM/1NdHHsdCA/Td6GvNndMOo/iSnIsZ4HuuhrYPDAmbxzww==

"@types/tampermonkey@4.20.4":
  version "4.20.4"
  resolved "https://registry.yarnpkg.com/@types/tampermonkey/-/tampermonkey-4.20.4.tgz#321932e2966992a51b17103541a0708c3b547b7a"
  integrity sha512-8w9QsNyZ2RDzmNA8UPbGvEx2Czwjg6/dEQ7Oqi5SqdNlmjJvBz+eg8bY6nt33BOsLKJERD6Kk3RGBVr5ZhcEWA==

"@whtsky/prettier-config@1.0.1":
  version "1.0.1"
  resolved "https://registry.yarnpkg.com/@whtsky/prettier-config/-/prettier-config-1.0.1.tgz#6819fa0b8606e4466ecefb55fffc944f94bbdfb9"
  integrity sha512-YACsbRoWATS9uY11pIKFYLICxEyE446YsNjP4Sv4255CMuGqx+R+utbMsL2jqrrZhgEBG4jXaBGvE4BLcuhyHg==

husky@5.2.0:
  version "5.2.0"
  resolved "https://registry.yarnpkg.com/husky/-/husky-5.2.0.tgz#fc5e1c2300d34855d47de4753607d00943fc0802"
  integrity sha512-AM8T/auHXRBxlrfPVLKP6jt49GCM2Zz47m8G3FOMsLmTv8Dj/fKVWE0Rh2d4Qrvmy131xEsdQnb3OXRib67PGg==

ignore@^7.0.5:
  version "7.0.5"
  resolved "https://registry.yarnpkg.com/ignore/-/ignore-7.0.5.tgz#4cb5f6cd7d4c7ab0365738c7aea888baa6d7efd9"
  integrity sha512-Hs59xBNfUIunMFgWAbGX5cq6893IbWg4KnrjbYwX3tx0ztorVgTDA6B2sxf8ejHJ4wz8BqGUMYlnzNBer5NvGg==

mri@^1.2.0:
  version "1.2.0"
  resolved "https://registry.yarnpkg.com/mri/-/mri-1.2.0.tgz#6721480fec2a11a4889861115a48b6cbe7cc8f0b"
  integrity sha512-tzzskb3bG8LvYGFF/mDTpq3jpI6Q9wc3LEmBaghu+DdCssd1FakN7Bc0hVNmEyGq1bq3RgfkCb3cmQLpNPOroA==

picocolors@^1.1.1:
  version "1.1.1"
  resolved "https://registry.yarnpkg.com/picocolors/-/picocolors-1.1.1.tgz#3d321af3eab939b083c8f929a1d12cda81c26b6b"
  integrity sha512-xceH2snhtb5M9liqDsmEw56le376mTZkEX/jEb/RxNFyegNul7eNslCXP9FDj/Lcu0X8KEyMceP2ntpaHrDEVA==

picomatch@^4.0.2:
  version "4.0.3"
  resolved "https://registry.yarnpkg.com/picomatch/-/picomatch-4.0.3.tgz#796c76136d1eead715db1e7bad785dedd695a042"
  integrity sha512-5gTmgEY/sqK6gFXLIsQNH19lWb4ebPDLA4SdLP7dsWkIXHWlG66oPuVvXSGFPppYZz8ZDZq0dYYrbHfBCVUb1Q==

prettier@2.8.8:
  version "2.8.8"
  resolved "https://registry.yarnpkg.com/prettier/-/prettier-2.8.8.tgz#e8c5d7e98a4305ffe3de2e1fc4aca1a71c28b1da"
  integrity sha512-tdN8qQGvNjw4CHbY+XXk0JgCXn9QiF21a55rBe5LJAU+kDyC4WQn4+awm2Xfk2lQMk5fKup9XgzTZtGkjBdP9Q==

pretty-quick@4.2.2:
  version "4.2.2"
  resolved "https://registry.yarnpkg.com/pretty-quick/-/pretty-quick-4.2.2.tgz#0fc31da666f182fe14e119905fc9829b5b85a234"
  integrity sha512-uAh96tBW1SsD34VhhDmWuEmqbpfYc/B3j++5MC/6b3Cb8Ow7NJsvKFhg0eoGu2xXX+o9RkahkTK6sUdd8E7g5w==
  dependencies:
    "@pkgr/core" "^0.2.7"
    ignore "^7.0.5"
    mri "^1.2.0"
    picocolors "^1.1.1"
    picomatch "^4.0.2"
    tinyexec "^0.3.2"
    tslib "^2.8.1"

tinyexec@^0.3.2:
  version "0.3.2"
  resolved "https://registry.yarnpkg.com/tinyexec/-/tinyexec-0.3.2.tgz#941794e657a85e496577995c6eef66f53f42b3d2"
  integrity sha512-KQQR9yN7R5+OSwaK0XQoj22pwHoTlgYqmUscPYoknOoWCWfj/5/ABTMRi69FrKU5ffPVh5QcFikpWJI/P1ocHA==

tslib@^2.8.1:
  version "2.8.1"
  resolved "https://registry.yarnpkg.com/tslib/-/tslib-2.8.1.tgz#612efe4ed235d567e8aba5f2a5fab70280ade83f"
  integrity sha512-oJFu94HQb+KVduSUQL7wnpmqnfmLsOA/nAh6b6EH0wCEoK0/mPeXU6c3wKDV83MkOuHPRHtSXKKU99IBazS/2w==
